
Microsoft Visual Studio Solution File, Format Version 12.00
# Visual Studio Version 17
VisualStudioVersion = 17.5.002.0
MinimumVisualStudioVersion = 10.0.40219.1
Project("{9A19103F-16F7-4668-BE54-9A1E7A4F7556}") = "OtpGenerationApi", "OtpGenerationApi.csproj", "{F689574B-C0D1-406B-A825-0809109C1045}"
EndProject
Global
	GlobalSection(SolutionConfigurationPlatforms) = preSolution
		Debug|Any CPU = Debug|Any CPU
		Release|Any CPU = Release|Any CPU
	EndGlobalSection
	GlobalSection(ProjectConfigurationPlatforms) = postSolution
		{F689574B-C0D1-406B-A825-0809109C1045}.Debug|Any CPU.ActiveCfg = Debug|Any CPU
		{F689574B-C0D1-406B-A825-0809109C1045}.Debug|Any CPU.Build.0 = Debug|Any CPU
		{F689574B-C0D1-406B-A825-0809109C1045}.Release|Any CPU.ActiveCfg = Release|Any CPU
		{F689574B-C0D1-406B-A825-0809109C1045}.Release|Any CPU.Build.0 = Release|Any CPU
	EndGlobalSection
	GlobalSection(SolutionProperties) = preSolution
		HideSolutionNode = FALSE
	EndGlobalSection
	GlobalSection(ExtensibilityGlobals) = postSolution
		SolutionGuid = {2E3FE116-E97C-4291-B28D-C5488E115CF2}
	EndGlobalSection
EndGlobal
